
Microsoft Visual Studio Solution File, Format Version 12.00
# Visual Studio 2013
VisualStudioVersion = 12.0.40629.0
MinimumVisualStudioVersion = 10.0.40219.1
Project("{FAE04EC0-301F-11D3-BF4B-00C04F79EFBC}") = "Grammars", "grammar\grammar\Grammars.csproj", "{2851B1B7-5252-4CC7-AAD6-AD4AEB5DB671}"
EndProject
Project("{FAE04EC0-301F-11D3-BF4B-00C04F79EFBC}") = "GP on GPU Experiment", "grammar\managedcuda-try\GP on GPU Experiment.csproj", "{82CAE00A-FF6A-4B32-B560-89B3A595E092}"
EndProject
Project("{FAE04EC0-301F-11D3-BF4B-00C04F79EFBC}") = "Compilation Daemon", "grammar\CompileServer\Compilation Daemon.csproj", "{16D3B1B8-F8C6-4B99-BCFD-E559058EE24B}"
EndProject
Project("{FAE04EC0-301F-11D3-BF4B-00C04F79EFBC}") = "Cudafy", "grammar\Cudafy\Cudafy.csproj", "{16A11768-583A-47DB-A9A3-C7E4173073A5}"
EndProject
Project("{FAE04EC0-301F-11D3-BF4B-00C04F79EFBC}") = "ManagedCuda", "managedCuda-master-8.0.12\ManagedCUDA\ManagedCuda.csproj", "{F5A866CC-151E-472A-8020-75F62D74D687}"
EndProject
Project("{FAE04EC0-301F-11D3-BF4B-00C04F79EFBC}") = "NVRTC", "managedCuda-master-8.0.12\NVRTC\NVRTC.csproj", "{BFA8C8F7-BF75-4AB3-9AFC-3B0D1E2F1EEE}"
EndProject
Global
	GlobalSection(SolutionConfigurationPlatforms) = preSolution
		Debug|Any CPU = Debug|Any CPU
		Debug|Mixed Platforms = Debug|Mixed Platforms
		Debug|x64 = Debug|x64
		Debug|x86 = Debug|x86
		LinuxDebug|Any CPU = LinuxDebug|Any CPU
		LinuxDebug|Mixed Platforms = LinuxDebug|Mixed Platforms
		LinuxDebug|x64 = LinuxDebug|x64
		LinuxDebug|x86 = LinuxDebug|x86
		Release|Any CPU = Release|Any CPU
		Release|Mixed Platforms = Release|Mixed Platforms
		Release|x64 = Release|x64
		Release|x86 = Release|x86
		Releasex86|Any CPU = Releasex86|Any CPU
		Releasex86|Mixed Platforms = Releasex86|Mixed Platforms
		Releasex86|x64 = Releasex86|x64
		Releasex86|x86 = Releasex86|x86
	EndGlobalSection
	GlobalSection(ProjectConfigurationPlatforms) = postSolution
		{2851B1B7-5252-4CC7-AAD6-AD4AEB5DB671}.Debug|Any CPU.ActiveCfg = Debug|Any CPU
		{2851B1B7-5252-4CC7-AAD6-AD4AEB5DB671}.Debug|Any CPU.Build.0 = Debug|Any CPU
		{2851B1B7-5252-4CC7-AAD6-AD4AEB5DB671}.Debug|Mixed Platforms.ActiveCfg = Debug|x64
		{2851B1B7-5252-4CC7-AAD6-AD4AEB5DB671}.Debug|Mixed Platforms.Build.0 = Debug|x64
		{2851B1B7-5252-4CC7-AAD6-AD4AEB5DB671}.Debug|x64.ActiveCfg = Debug|x64
		{2851B1B7-5252-4CC7-AAD6-AD4AEB5DB671}.Debug|x64.Build.0 = Debug|x64
		{2851B1B7-5252-4CC7-AAD6-AD4AEB5DB671}.Debug|x86.ActiveCfg = Debug|x86
		{2851B1B7-5252-4CC7-AAD6-AD4AEB5DB671}.Debug|x86.Build.0 = Debug|x86
		{2851B1B7-5252-4CC7-AAD6-AD4AEB5DB671}.LinuxDebug|Any CPU.ActiveCfg = Debug|Any CPU
		{2851B1B7-5252-4CC7-AAD6-AD4AEB5DB671}.LinuxDebug|Any CPU.Build.0 = Debug|Any CPU
		{2851B1B7-5252-4CC7-AAD6-AD4AEB5DB671}.LinuxDebug|Mixed Platforms.ActiveCfg = Debug|x86
		{2851B1B7-5252-4CC7-AAD6-AD4AEB5DB671}.LinuxDebug|Mixed Platforms.Build.0 = Debug|x86
		{2851B1B7-5252-4CC7-AAD6-AD4AEB5DB671}.LinuxDebug|x64.ActiveCfg = Debug|x64
		{2851B1B7-5252-4CC7-AAD6-AD4AEB5DB671}.LinuxDebug|x64.Build.0 = Debug|x64
		{2851B1B7-5252-4CC7-AAD6-AD4AEB5DB671}.LinuxDebug|x86.ActiveCfg = Debug|x86
		{2851B1B7-5252-4CC7-AAD6-AD4AEB5DB671}.LinuxDebug|x86.Build.0 = Debug|x86
		{2851B1B7-5252-4CC7-AAD6-AD4AEB5DB671}.Release|Any CPU.ActiveCfg = Release|Any CPU
		{2851B1B7-5252-4CC7-AAD6-AD4AEB5DB671}.Release|Any CPU.Build.0 = Release|Any CPU
		{2851B1B7-5252-4CC7-AAD6-AD4AEB5DB671}.Release|Mixed Platforms.ActiveCfg = Release|x86
		{2851B1B7-5252-4CC7-AAD6-AD4AEB5DB671}.Release|Mixed Platforms.Build.0 = Release|x86
		{2851B1B7-5252-4CC7-AAD6-AD4AEB5DB671}.Release|x64.ActiveCfg = Release|x64
		{2851B1B7-5252-4CC7-AAD6-AD4AEB5DB671}.Release|x64.Build.0 = Release|x64
		{2851B1B7-5252-4CC7-AAD6-AD4AEB5DB671}.Release|x86.ActiveCfg = Release|x86
		{2851B1B7-5252-4CC7-AAD6-AD4AEB5DB671}.Release|x86.Build.0 = Release|x86
		{2851B1B7-5252-4CC7-AAD6-AD4AEB5DB671}.Releasex86|Any CPU.ActiveCfg = Release|Any CPU
		{2851B1B7-5252-4CC7-AAD6-AD4AEB5DB671}.Releasex86|Any CPU.Build.0 = Release|Any CPU
		{2851B1B7-5252-4CC7-AAD6-AD4AEB5DB671}.Releasex86|Mixed Platforms.ActiveCfg = Release|x86
		{2851B1B7-5252-4CC7-AAD6-AD4AEB5DB671}.Releasex86|Mixed Platforms.Build.0 = Release|x86
		{2851B1B7-5252-4CC7-AAD6-AD4AEB5DB671}.Releasex86|x64.ActiveCfg = Release|x64
		{2851B1B7-5252-4CC7-AAD6-AD4AEB5DB671}.Releasex86|x64.Build.0 = Release|x64
		{2851B1B7-5252-4CC7-AAD6-AD4AEB5DB671}.Releasex86|x86.ActiveCfg = Release|x86
		{2851B1B7-5252-4CC7-AAD6-AD4AEB5DB671}.Releasex86|x86.Build.0 = Release|x86
		{82CAE00A-FF6A-4B32-B560-89B3A595E092}.Debug|Any CPU.ActiveCfg = Debug|Any CPU
		{82CAE00A-FF6A-4B32-B560-89B3A595E092}.Debug|Any CPU.Build.0 = Debug|Any CPU
		{82CAE00A-FF6A-4B32-B560-89B3A595E092}.Debug|Mixed Platforms.ActiveCfg = Debug|x64
		{82CAE00A-FF6A-4B32-B560-89B3A595E092}.Debug|Mixed Platforms.Build.0 = Debug|x64
		{82CAE00A-FF6A-4B32-B560-89B3A595E092}.Debug|x64.ActiveCfg = Debug|x64
		{82CAE00A-FF6A-4B32-B560-89B3A595E092}.Debug|x64.Build.0 = Debug|x64
		{82CAE00A-FF6A-4B32-B560-89B3A595E092}.Debug|x86.ActiveCfg = Debug|x86
		{82CAE00A-FF6A-4B32-B560-89B3A595E092}.Debug|x86.Build.0 = Debug|x86
		{82CAE00A-FF6A-4B32-B560-89B3A595E092}.LinuxDebug|Any CPU.ActiveCfg = Debug|Any CPU
		{82CAE00A-FF6A-4B32-B560-89B3A595E092}.LinuxDebug|Any CPU.Build.0 = Debug|Any CPU
		{82CAE00A-FF6A-4B32-B560-89B3A595E092}.LinuxDebug|Mixed Platforms.ActiveCfg = Debug|x86
		{82CAE00A-FF6A-4B32-B560-89B3A595E092}.LinuxDebug|Mixed Platforms.Build.0 = Debug|x86
		{82CAE00A-FF6A-4B32-B560-89B3A595E092}.LinuxDebug|x64.ActiveCfg = Debug|x64
		{82CAE00A-FF6A-4B32-B560-89B3A595E092}.LinuxDebug|x64.Build.0 = Debug|x64
		{82CAE00A-FF6A-4B32-B560-89B3A595E092}.LinuxDebug|x86.ActiveCfg = Debug|x86
		{82CAE00A-FF6A-4B32-B560-89B3A595E092}.LinuxDebug|x86.Build.0 = Debug|x86
		{82CAE00A-FF6A-4B32-B560-89B3A595E092}.Release|Any CPU.ActiveCfg = Release|Any CPU
		{82CAE00A-FF6A-4B32-B560-89B3A595E092}.Release|Any CPU.Build.0 = Release|Any CPU
		{82CAE00A-FF6A-4B32-B560-89B3A595E092}.Release|Mixed Platforms.ActiveCfg = Release|x86
		{82CAE00A-FF6A-4B32-B560-89B3A595E092}.Release|Mixed Platforms.Build.0 = Release|x86
		{82CAE00A-FF6A-4B32-B560-89B3A595E092}.Release|x64.ActiveCfg = Release|x64
		{82CAE00A-FF6A-4B32-B560-89B3A595E092}.Release|x64.Build.0 = Release|x64
		{82CAE00A-FF6A-4B32-B560-89B3A595E092}.Release|x86.ActiveCfg = Release|x86
		{82CAE00A-FF6A-4B32-B560-89B3A595E092}.Release|x86.Build.0 = Release|x86
		{82CAE00A-FF6A-4B32-B560-89B3A595E092}.Releasex86|Any CPU.ActiveCfg = Release|Any CPU
		{82CAE00A-FF6A-4B32-B560-89B3A595E092}.Releasex86|Any CPU.Build.0 = Release|Any CPU
		{82CAE00A-FF6A-4B32-B560-89B3A595E092}.Releasex86|Mixed Platforms.ActiveCfg = Release|x86
		{82CAE00A-FF6A-4B32-B560-89B3A595E092}.Releasex86|Mixed Platforms.Build.0 = Release|x86
		{82CAE00A-FF6A-4B32-B560-89B3A595E092}.Releasex86|x64.ActiveCfg = Release|x64
		{82CAE00A-FF6A-4B32-B560-89B3A595E092}.Releasex86|x64.Build.0 = Release|x64
		{82CAE00A-FF6A-4B32-B560-89B3A595E092}.Releasex86|x86.ActiveCfg = Release|x86
		{82CAE00A-FF6A-4B32-B560-89B3A595E092}.Releasex86|x86.Build.0 = Release|x86
		{16D3B1B8-F8C6-4B99-BCFD-E559058EE24B}.Debug|Any CPU.ActiveCfg = Debug|Any CPU
		{16D3B1B8-F8C6-4B99-BCFD-E559058EE24B}.Debug|Any CPU.Build.0 = Debug|Any CPU
		{16D3B1B8-F8C6-4B99-BCFD-E559058EE24B}.Debug|Mixed Platforms.ActiveCfg = Debug|x64
		{16D3B1B8-F8C6-4B99-BCFD-E559058EE24B}.Debug|Mixed Platforms.Build.0 = Debug|x64
		{16D3B1B8-F8C6-4B99-BCFD-E559058EE24B}.Debug|x64.ActiveCfg = Debug|x64
		{16D3B1B8-F8C6-4B99-BCFD-E559058EE24B}.Debug|x64.Build.0 = Debug|x64
		{16D3B1B8-F8C6-4B99-BCFD-E559058EE24B}.Debug|x86.ActiveCfg = Debug|Any CPU
		{16D3B1B8-F8C6-4B99-BCFD-E559058EE24B}.LinuxDebug|Any CPU.ActiveCfg = Debug|Any CPU
		{16D3B1B8-F8C6-4B99-BCFD-E559058EE24B}.LinuxDebug|Any CPU.Build.0 = Debug|Any CPU
		{16D3B1B8-F8C6-4B99-BCFD-E559058EE24B}.LinuxDebug|Mixed Platforms.ActiveCfg = Debug|Any CPU
		{16D3B1B8-F8C6-4B99-BCFD-E559058EE24B}.LinuxDebug|Mixed Platforms.Build.0 = Debug|Any CPU
		{16D3B1B8-F8C6-4B99-BCFD-E559058EE24B}.LinuxDebug|x64.ActiveCfg = Debug|x64
		{16D3B1B8-F8C6-4B99-BCFD-E559058EE24B}.LinuxDebug|x64.Build.0 = Debug|x64
		{16D3B1B8-F8C6-4B99-BCFD-E559058EE24B}.LinuxDebug|x86.ActiveCfg = Debug|Any CPU
		{16D3B1B8-F8C6-4B99-BCFD-E559058EE24B}.Release|Any CPU.ActiveCfg = Release|Any CPU
		{16D3B1B8-F8C6-4B99-BCFD-E559058EE24B}.Release|Any CPU.Build.0 = Release|Any CPU
		{16D3B1B8-F8C6-4B99-BCFD-E559058EE24B}.Release|Mixed Platforms.ActiveCfg = Release|Any CPU
		{16D3B1B8-F8C6-4B99-BCFD-E559058EE24B}.Release|Mixed Platforms.Build.0 = Release|Any CPU
		{16D3B1B8-F8C6-4B99-BCFD-E559058EE24B}.Release|x64.ActiveCfg = Release|x64
		{16D3B1B8-F8C6-4B99-BCFD-E559058EE24B}.Release|x64.Build.0 = Release|x64
		{16D3B1B8-F8C6-4B99-BCFD-E559058EE24B}.Release|x86.ActiveCfg = Release|Any CPU
		{16D3B1B8-F8C6-4B99-BCFD-E559058EE24B}.Releasex86|Any CPU.ActiveCfg = Release|Any CPU
		{16D3B1B8-F8C6-4B99-BCFD-E559058EE24B}.Releasex86|Any CPU.Build.0 = Release|Any CPU
		{16D3B1B8-F8C6-4B99-BCFD-E559058EE24B}.Releasex86|Mixed Platforms.ActiveCfg = Release|Any CPU
		{16D3B1B8-F8C6-4B99-BCFD-E559058EE24B}.Releasex86|Mixed Platforms.Build.0 = Release|Any CPU
		{16D3B1B8-F8C6-4B99-BCFD-E559058EE24B}.Releasex86|x64.ActiveCfg = Release|x64
		{16D3B1B8-F8C6-4B99-BCFD-E559058EE24B}.Releasex86|x64.Build.0 = Release|x64
		{16D3B1B8-F8C6-4B99-BCFD-E559058EE24B}.Releasex86|x86.ActiveCfg = Release|Any CPU
		{16A11768-583A-47DB-A9A3-C7E4173073A5}.Debug|Any CPU.ActiveCfg = Debug|Any CPU
		{16A11768-583A-47DB-A9A3-C7E4173073A5}.Debug|Any CPU.Build.0 = Debug|Any CPU
		{16A11768-583A-47DB-A9A3-C7E4173073A5}.Debug|Mixed Platforms.ActiveCfg = Debug|x64
		{16A11768-583A-47DB-A9A3-C7E4173073A5}.Debug|Mixed Platforms.Build.0 = Debug|x64
		{16A11768-583A-47DB-A9A3-C7E4173073A5}.Debug|x64.ActiveCfg = Release|x64
		{16A11768-583A-47DB-A9A3-C7E4173073A5}.Debug|x64.Build.0 = Release|x64
		{16A11768-583A-47DB-A9A3-C7E4173073A5}.Debug|x86.ActiveCfg = Debug|x86
		{16A11768-583A-47DB-A9A3-C7E4173073A5}.Debug|x86.Build.0 = Debug|x86
		{16A11768-583A-47DB-A9A3-C7E4173073A5}.LinuxDebug|Any CPU.ActiveCfg = LinuxDebug|Any CPU
		{16A11768-583A-47DB-A9A3-C7E4173073A5}.LinuxDebug|Any CPU.Build.0 = LinuxDebug|Any CPU
		{16A11768-583A-47DB-A9A3-C7E4173073A5}.LinuxDebug|Mixed Platforms.ActiveCfg = LinuxDebug|x86
		{16A11768-583A-47DB-A9A3-C7E4173073A5}.LinuxDebug|Mixed Platforms.Build.0 = LinuxDebug|x86
		{16A11768-583A-47DB-A9A3-C7E4173073A5}.LinuxDebug|x64.ActiveCfg = LinuxDebug|x64
		{16A11768-583A-47DB-A9A3-C7E4173073A5}.LinuxDebug|x64.Build.0 = LinuxDebug|x64
		{16A11768-583A-47DB-A9A3-C7E4173073A5}.LinuxDebug|x86.ActiveCfg = LinuxDebug|x86
		{16A11768-583A-47DB-A9A3-C7E4173073A5}.LinuxDebug|x86.Build.0 = LinuxDebug|x86
		{16A11768-583A-47DB-A9A3-C7E4173073A5}.Release|Any CPU.ActiveCfg = Release|Any CPU
		{16A11768-583A-47DB-A9A3-C7E4173073A5}.Release|Any CPU.Build.0 = Release|Any CPU
		{16A11768-583A-47DB-A9A3-C7E4173073A5}.Release|Mixed Platforms.ActiveCfg = Release|x86
		{16A11768-583A-47DB-A9A3-C7E4173073A5}.Release|Mixed Platforms.Build.0 = Release|x86
		{16A11768-583A-47DB-A9A3-C7E4173073A5}.Release|x64.ActiveCfg = Release|x64
		{16A11768-583A-47DB-A9A3-C7E4173073A5}.Release|x64.Build.0 = Release|x64
		{16A11768-583A-47DB-A9A3-C7E4173073A5}.Release|x86.ActiveCfg = Release|x86
		{16A11768-583A-47DB-A9A3-C7E4173073A5}.Release|x86.Build.0 = Release|x86
		{16A11768-583A-47DB-A9A3-C7E4173073A5}.Releasex86|Any CPU.ActiveCfg = Releasex86|Any CPU
		{16A11768-583A-47DB-A9A3-C7E4173073A5}.Releasex86|Any CPU.Build.0 = Releasex86|Any CPU
		{16A11768-583A-47DB-A9A3-C7E4173073A5}.Releasex86|Mixed Platforms.ActiveCfg = Releasex86|x86
		{16A11768-583A-47DB-A9A3-C7E4173073A5}.Releasex86|Mixed Platforms.Build.0 = Releasex86|x86
		{16A11768-583A-47DB-A9A3-C7E4173073A5}.Releasex86|x64.ActiveCfg = Releasex86|x64
		{16A11768-583A-47DB-A9A3-C7E4173073A5}.Releasex86|x64.Build.0 = Releasex86|x64
		{16A11768-583A-47DB-A9A3-C7E4173073A5}.Releasex86|x86.ActiveCfg = Releasex86|x86
		{16A11768-583A-47DB-A9A3-C7E4173073A5}.Releasex86|x86.Build.0 = Releasex86|x86
		{F5A866CC-151E-472A-8020-75F62D74D687}.Debug|Any CPU.ActiveCfg = Debug|Any CPU
		{F5A866CC-151E-472A-8020-75F62D74D687}.Debug|Any CPU.Build.0 = Debug|Any CPU
		{F5A866CC-151E-472A-8020-75F62D74D687}.Debug|Mixed Platforms.ActiveCfg = Debug|x64
		{F5A866CC-151E-472A-8020-75F62D74D687}.Debug|Mixed Platforms.Build.0 = Debug|x64
		{F5A866CC-151E-472A-8020-75F62D74D687}.Debug|x64.ActiveCfg = Release|x64
		{F5A866CC-151E-472A-8020-75F62D74D687}.Debug|x64.Build.0 = Release|x64
		{F5A866CC-151E-472A-8020-75F62D74D687}.Debug|x86.ActiveCfg = Debug|x86
		{F5A866CC-151E-472A-8020-75F62D74D687}.Debug|x86.Build.0 = Debug|x86
		{F5A866CC-151E-472A-8020-75F62D74D687}.LinuxDebug|Any CPU.ActiveCfg = Debug|Any CPU
		{F5A866CC-151E-472A-8020-75F62D74D687}.LinuxDebug|Any CPU.Build.0 = Debug|Any CPU
		{F5A866CC-151E-472A-8020-75F62D74D687}.LinuxDebug|Mixed Platforms.ActiveCfg = Debug|x86
		{F5A866CC-151E-472A-8020-75F62D74D687}.LinuxDebug|Mixed Platforms.Build.0 = Debug|x86
		{F5A866CC-151E-472A-8020-75F62D74D687}.LinuxDebug|x64.ActiveCfg = Debug|x64
		{F5A866CC-151E-472A-8020-75F62D74D687}.LinuxDebug|x64.Build.0 = Debug|x64
		{F5A866CC-151E-472A-8020-75F62D74D687}.LinuxDebug|x86.ActiveCfg = Debug|x86
		{F5A866CC-151E-472A-8020-75F62D74D687}.LinuxDebug|x86.Build.0 = Debug|x86
		{F5A866CC-151E-472A-8020-75F62D74D687}.Release|Any CPU.ActiveCfg = Release|Any CPU
		{F5A866CC-151E-472A-8020-75F62D74D687}.Release|Any CPU.Build.0 = Release|Any CPU
		{F5A866CC-151E-472A-8020-75F62D74D687}.Release|Mixed Platforms.ActiveCfg = Release|x86
		{F5A866CC-151E-472A-8020-75F62D74D687}.Release|Mixed Platforms.Build.0 = Release|x86
		{F5A866CC-151E-472A-8020-75F62D74D687}.Release|x64.ActiveCfg = Release|x64
		{F5A866CC-151E-472A-8020-75F62D74D687}.Release|x64.Build.0 = Release|x64
		{F5A866CC-151E-472A-8020-75F62D74D687}.Release|x86.ActiveCfg = Release|x86
		{F5A866CC-151E-472A-8020-75F62D74D687}.Release|x86.Build.0 = Release|x86
		{F5A866CC-151E-472A-8020-75F62D74D687}.Releasex86|Any CPU.ActiveCfg = Release|Any CPU
		{F5A866CC-151E-472A-8020-75F62D74D687}.Releasex86|Any CPU.Build.0 = Release|Any CPU
		{F5A866CC-151E-472A-8020-75F62D74D687}.Releasex86|Mixed Platforms.ActiveCfg = Release|x86
		{F5A866CC-151E-472A-8020-75F62D74D687}.Releasex86|Mixed Platforms.Build.0 = Release|x86
		{F5A866CC-151E-472A-8020-75F62D74D687}.Releasex86|x64.ActiveCfg = Release|x64
		{F5A866CC-151E-472A-8020-75F62D74D687}.Releasex86|x64.Build.0 = Release|x64
		{F5A866CC-151E-472A-8020-75F62D74D687}.Releasex86|x86.ActiveCfg = Release|x86
		{F5A866CC-151E-472A-8020-75F62D74D687}.Releasex86|x86.Build.0 = Release|x86
		{BFA8C8F7-BF75-4AB3-9AFC-3B0D1E2F1EEE}.Debug|Any CPU.ActiveCfg = Debug|Any CPU
		{BFA8C8F7-BF75-4AB3-9AFC-3B0D1E2F1EEE}.Debug|Any CPU.Build.0 = Debug|Any CPU
		{BFA8C8F7-BF75-4AB3-9AFC-3B0D1E2F1EEE}.Debug|Mixed Platforms.ActiveCfg = Debug|x64
		{BFA8C8F7-BF75-4AB3-9AFC-3B0D1E2F1EEE}.Debug|Mixed Platforms.Build.0 = Debug|x64
		{BFA8C8F7-BF75-4AB3-9AFC-3B0D1E2F1EEE}.Debug|x64.ActiveCfg = Release|x64
		{BFA8C8F7-BF75-4AB3-9AFC-3B0D1E2F1EEE}.Debug|x64.Build.0 = Release|x64
		{BFA8C8F7-BF75-4AB3-9AFC-3B0D1E2F1EEE}.Debug|x86.ActiveCfg = Debug|x86
		{BFA8C8F7-BF75-4AB3-9AFC-3B0D1E2F1EEE}.Debug|x86.Build.0 = Debug|x86
		{BFA8C8F7-BF75-4AB3-9AFC-3B0D1E2F1EEE}.LinuxDebug|Any CPU.ActiveCfg = Debug|Any CPU
		{BFA8C8F7-BF75-4AB3-9AFC-3B0D1E2F1EEE}.LinuxDebug|Any CPU.Build.0 = Debug|Any CPU
		{BFA8C8F7-BF75-4AB3-9AFC-3B0D1E2F1EEE}.LinuxDebug|Mixed Platforms.ActiveCfg = Debug|x86
		{BFA8C8F7-BF75-4AB3-9AFC-3B0D1E2F1EEE}.LinuxDebug|Mixed Platforms.Build.0 = Debug|x86
		{BFA8C8F7-BF75-4AB3-9AFC-3B0D1E2F1EEE}.LinuxDebug|x64.ActiveCfg = Debug|x64
		{BFA8C8F7-BF75-4AB3-9AFC-3B0D1E2F1EEE}.LinuxDebug|x64.Build.0 = Debug|x64
		{BFA8C8F7-BF75-4AB3-9AFC-3B0D1E2F1EEE}.LinuxDebug|x86.ActiveCfg = Debug|x86
		{BFA8C8F7-BF75-4AB3-9AFC-3B0D1E2F1EEE}.LinuxDebug|x86.Build.0 = Debug|x86
		{BFA8C8F7-BF75-4AB3-9AFC-3B0D1E2F1EEE}.Release|Any CPU.ActiveCfg = Release|Any CPU
		{BFA8C8F7-BF75-4AB3-9AFC-3B0D1E2F1EEE}.Release|Any CPU.Build.0 = Release|Any CPU
		{BFA8C8F7-BF75-4AB3-9AFC-3B0D1E2F1EEE}.Release|Mixed Platforms.ActiveCfg = Release|x86
		{BFA8C8F7-BF75-4AB3-9AFC-3B0D1E2F1EEE}.Release|Mixed Platforms.Build.0 = Release|x86
		{BFA8C8F7-BF75-4AB3-9AFC-3B0D1E2F1EEE}.Release|x64.ActiveCfg = Release|x64
		{BFA8C8F7-BF75-4AB3-9AFC-3B0D1E2F1EEE}.Release|x64.Build.0 = Release|x64
		{BFA8C8F7-BF75-4AB3-9AFC-3B0D1E2F1EEE}.Release|x86.ActiveCfg = Release|x86
		{BFA8C8F7-BF75-4AB3-9AFC-3B0D1E2F1EEE}.Release|x86.Build.0 = Release|x86
		{BFA8C8F7-BF75-4AB3-9AFC-3B0D1E2F1EEE}.Releasex86|Any CPU.ActiveCfg = Release|Any CPU
		{BFA8C8F7-BF75-4AB3-9AFC-3B0D1E2F1EEE}.Releasex86|Any CPU.Build.0 = Release|Any CPU
		{BFA8C8F7-BF75-4AB3-9AFC-3B0D1E2F1EEE}.Releasex86|Mixed Platforms.ActiveCfg = Release|x86
		{BFA8C8F7-BF75-4AB3-9AFC-3B0D1E2F1EEE}.Releasex86|Mixed Platforms.Build.0 = Release|x86
		{BFA8C8F7-BF75-4AB3-9AFC-3B0D1E2F1EEE}.Releasex86|x64.ActiveCfg = Release|x64
		{BFA8C8F7-BF75-4AB3-9AFC-3B0D1E2F1EEE}.Releasex86|x64.Build.0 = Release|x64
		{BFA8C8F7-BF75-4AB3-9AFC-3B0D1E2F1EEE}.Releasex86|x86.ActiveCfg = Release|x86
		{BFA8C8F7-BF75-4AB3-9AFC-3B0D1E2F1EEE}.Releasex86|x86.Build.0 = Release|x86
	EndGlobalSection
	GlobalSection(SolutionProperties) = preSolution
		HideSolutionNode = FALSE
	EndGlobalSection
EndGlobal
